
Microsoft Visual Studio Solution File, Format Version 12.00
# Visual Studio Version 16
VisualStudioVersion = 16.0.31613.86
MinimumVisualStudioVersion = 10.0.40219.1
Project("{FAE04EC0-301F-11D3-BF4B-00C04F79EFBC}") = "From A to B", "From A to B.csproj", "{8DDA7B57-F28D-4476-AE85-96F715CFFD0D}"
EndProject
Global
	GlobalSection(SolutionConfigurationPlatforms) = preSolution
		Debug|Any CPU = Debug|Any CPU
		Release|Any CPU = Release|Any CPU
	EndGlobalSection
	GlobalSection(ProjectConfigurationPlatforms) = postSolution
		{8DDA7B57-F28D-4476-AE85-96F715CFFD0D}.Debug|Any CPU.ActiveCfg = Debug|Any CPU
		{8DDA7B57-F28D-4476-AE85-96F715CFFD0D}.Debug|Any CPU.Build.0 = Debug|Any CPU
		{8DDA7B57-F28D-4476-AE85-96F715CFFD0D}.Release|Any CPU.ActiveCfg = Release|Any CPU
		{8DDA7B57-F28D-4476-AE85-96F715CFFD0D}.Release|Any CPU.Build.0 = Release|Any CPU
	EndGlobalSection
	GlobalSection(SolutionProperties) = preSolution
		HideSolutionNode = FALSE
	EndGlobalSection
	GlobalSection(ExtensibilityGlobals) = postSolution
		SolutionGuid = {BFBEB8D9-AAD3-4D96-B80D-22A3ABE65C40}
	EndGlobalSection
EndGlobal
